
Microsoft Visual Studio Solution File, Format Version 12.00
# Visual Studio Version 16
VisualStudioVersion = 16.0.31613.86
MinimumVisualStudioVersion = 10.0.40219.1
Project("{9A19103F-16F7-4668-BE54-9A1E7A4F7556}") = "Ejercicio01", "Ejercicio01\Ejercicio01.csproj", "{D5E91FBA-A127-4647-A827-661E6B73FC13}"
EndProject
Project("{9A19103F-16F7-4668-BE54-9A1E7A4F7556}") = "Ejercicio02", "Ejercicio02\Ejercicio02.csproj", "{F9B9BA5E-8DDE-47D3-833E-84CD1946F274}"
EndProject
Project("{9A19103F-16F7-4668-BE54-9A1E7A4F7556}") = "Ejercicio03", "Ejercicio03\Ejercicio03.csproj", "{226CC90B-E80F-46EA-94E9-AF5C94AA2B56}"
EndProject
Project("{9A19103F-16F7-4668-BE54-9A1E7A4F7556}") = "Ejercicio05", "Ejercicio05\Ejercicio05.csproj", "{656060E9-48AD-4DDF-83C8-D7E06462FFF0}"
EndProject
Project("{9A19103F-16F7-4668-BE54-9A1E7A4F7556}") = "Ejercicio06", "Ejercicio06\Ejercicio06.csproj", "{54A2C38E-6D0F-4CEF-9BDE-FEA05644FCD1}"
EndProject
Project("{9A19103F-16F7-4668-BE54-9A1E7A4F7556}") = "Ejercicio07", "Ejercicio07\Ejercicio07.csproj", "{67F88D39-D181-4EBD-A340-7C5A4C36E6B1}"
EndProject
Project("{9A19103F-16F7-4668-BE54-9A1E7A4F7556}") = "Ejercicio08", "Ejercicio08\Ejercicio08.csproj", "{0B95F322-06CA-420F-AD7B-AD671AAD8DBE}"
EndProject
Project("{9A19103F-16F7-4668-BE54-9A1E7A4F7556}") = "Ejercicio09", "Ejercicio09\Ejercicio09.csproj", "{30F945E1-E0E5-4753-990C-DF763C1AE64A}"
EndProject
Project("{9A19103F-16F7-4668-BE54-9A1E7A4F7556}") = "Ejercicio10", "Ejercicio10\Ejercicio10.csproj", "{BE1B9E95-48DB-4014-8D1B-F7A861F1F8EF}"
EndProject
Project("{9A19103F-16F7-4668-BE54-9A1E7A4F7556}") = "Ejercicio11", "Ejercicio11\Ejercicio11.csproj", "{E1A5C487-D44F-4168-BA85-DB9DE7C37FA1}"
EndProject
Project("{9A19103F-16F7-4668-BE54-9A1E7A4F7556}") = "Ejercicio12", "Ejercicio12\Ejercicio12.csproj", "{5A2B0116-E804-49E1-A806-7B515A9B9D8B}"
EndProject
Project("{9A19103F-16F7-4668-BE54-9A1E7A4F7556}") = "Ejercicio13", "Ejercicio13\Ejercicio13.csproj", "{310D3B49-E602-4FAB-A44B-4A6FE62D2256}"
EndProject
Project("{9A19103F-16F7-4668-BE54-9A1E7A4F7556}") = "Ejercicio14", "Ejercicio14\Ejercicio14.csproj", "{6EC244B2-17E5-4B2B-A27E-AA1E0F9987F5}"
EndProject
Project("{9A19103F-16F7-4668-BE54-9A1E7A4F7556}") = "Ejercicio15", "Ejercicio15\Ejercicio15.csproj", "{B8A21D2A-30B7-4D95-9604-C7802EAC2DC4}"
EndProject
Project("{9A19103F-16F7-4668-BE54-9A1E7A4F7556}") = "Entidades", "Entidades\Entidades.csproj", "{5E205B78-0D00-47DC-A5E5-B41075CBBB86}"
EndProject
Project("{9A19103F-16F7-4668-BE54-9A1E7A4F7556}") = "Ejercicio16", "Ejercicio16\Ejercicio16.csproj", "{D612BFD6-C3F0-4013-BE9F-FFAFB920E908}"
EndProject
Project("{9A19103F-16F7-4668-BE54-9A1E7A4F7556}") = "Ejercicio17", "Ejercicio17\Ejercicio17.csproj", "{D6518E67-032B-4B4F-BC90-35004138755E}"
EndProject
Project("{9A19103F-16F7-4668-BE54-9A1E7A4F7556}") = "Ejercicio18", "Ejercicio18\Ejercicio18.csproj", "{9F6582FD-497C-42D5-9FF8-F42257332405}"
EndProject
Project("{9A19103F-16F7-4668-BE54-9A1E7A4F7556}") = "Ejercicio19", "Ejercicio19\Ejercicio19.csproj", "{9963C849-32CA-49DD-8B0B-FB72922B1071}"
EndProject
Project("{9A19103F-16F7-4668-BE54-9A1E7A4F7556}") = "Ejercicio20", "Ejercicio20\Ejercicio20.csproj", "{2FABFA3A-CF2B-457F-BC9C-738DB1E7EC0F}"
EndProject
Project("{9A19103F-16F7-4668-BE54-9A1E7A4F7556}") = "Ejercicio22", "Ejercicio22\Ejercicio22.csproj", "{29A9B26E-5D9A-4692-89B5-A03E4A2E4933}"
EndProject
Project("{9A19103F-16F7-4668-BE54-9A1E7A4F7556}") = "Ejercicio26", "Ejercicio26\Ejercicio26.csproj", "{783D2065-07C5-4027-AF08-13DD058964CB}"
EndProject
Project("{9A19103F-16F7-4668-BE54-9A1E7A4F7556}") = "Ejercicio27", "Ejercicio27\Ejercicio27.csproj", "{559823A3-67AB-4228-826C-F0BB19647F6F}"
EndProject
Project("{9A19103F-16F7-4668-BE54-9A1E7A4F7556}") = "Ejercicio28", "Ejercicio28\Ejercicio28.csproj", "{5A26DEC4-710A-4411-9CFB-E4AAE5CB8A61}"
EndProject
Project("{9A19103F-16F7-4668-BE54-9A1E7A4F7556}") = "Ejercicio29", "Ejercicio29\Ejercicio29.csproj", "{DE18FC96-6D6E-4C52-8274-DBF18FEF5E7F}"
EndProject
Project("{9A19103F-16F7-4668-BE54-9A1E7A4F7556}") = "Ejercicio30", "Ejercicio30\Ejercicio30.csproj", "{9DDF7F75-0E4A-459C-A218-85673A5C7C3E}"
EndProject
Project("{9A19103F-16F7-4668-BE54-9A1E7A4F7556}") = "Ejercicio31", "Ejercicio31\Ejercicio31.csproj", "{E6D5D43D-6608-4916-B826-9E677CDD018B}"
EndProject
Project("{9A19103F-16F7-4668-BE54-9A1E7A4F7556}") = "Ejercicio36", "Ejercicio36\Ejercicio36.csproj", "{8B708540-74FA-427E-8E55-2F65B95A6C8D}"
EndProject
Project("{9A19103F-16F7-4668-BE54-9A1E7A4F7556}") = "Ejercicio38y39", "Ejercicio38\Ejercicio38y39.csproj", "{1D1F566A-EA42-4AE3-BA91-07EDD443FD57}"
EndProject
Project("{9A19103F-16F7-4668-BE54-9A1E7A4F7556}") = "01ProbarCodigo", "ConsoleApp1\01ProbarCodigo.csproj", "{9C8DC496-333C-4F93-BC87-48B92C7D5B21}"
EndProject
Project("{9A19103F-16F7-4668-BE54-9A1E7A4F7556}") = "ApuntesDeClase", "ApuntesClase\ApuntesDeClase.csproj", "{00EA9AE1-599E-4D95-8963-E1E50CA3ACAC}"
EndProject
Project("{FAE04EC0-301F-11D3-BF4B-00C04F79EFBC}") = "Ejercicio04", "Ejercicio04\Ejercicio04.csproj", "{48B9286A-285E-4640-B880-510F11DF7720}"
EndProject
Global
	GlobalSection(SolutionConfigurationPlatforms) = preSolution
		Debug|Any CPU = Debug|Any CPU
		Release|Any CPU = Release|Any CPU
	EndGlobalSection
	GlobalSection(ProjectConfigurationPlatforms) = postSolution
		{D5E91FBA-A127-4647-A827-661E6B73FC13}.Debug|Any CPU.ActiveCfg = Debug|Any CPU
		{D5E91FBA-A127-4647-A827-661E6B73FC13}.Debug|Any CPU.Build.0 = Debug|Any CPU
		{D5E91FBA-A127-4647-A827-661E6B73FC13}.Release|Any CPU.ActiveCfg = Release|Any CPU
		{D5E91FBA-A127-4647-A827-661E6B73FC13}.Release|Any CPU.Build.0 = Release|Any CPU
		{F9B9BA5E-8DDE-47D3-833E-84CD1946F274}.Debug|Any CPU.ActiveCfg = Debug|Any CPU
		{F9B9BA5E-8DDE-47D3-833E-84CD1946F274}.Debug|Any CPU.Build.0 = Debug|Any CPU
		{F9B9BA5E-8DDE-47D3-833E-84CD1946F274}.Release|Any CPU.ActiveCfg = Release|Any CPU
		{F9B9BA5E-8DDE-47D3-833E-84CD1946F274}.Release|Any CPU.Build.0 = Release|Any CPU
		{226CC90B-E80F-46EA-94E9-AF5C94AA2B56}.Debug|Any CPU.ActiveCfg = Debug|Any CPU
		{226CC90B-E80F-46EA-94E9-AF5C94AA2B56}.Debug|Any CPU.Build.0 = Debug|Any CPU
		{226CC90B-E80F-46EA-94E9-AF5C94AA2B56}.Release|Any CPU.ActiveCfg = Release|Any CPU
		{226CC90B-E80F-46EA-94E9-AF5C94AA2B56}.Release|Any CPU.Build.0 = Release|Any CPU
		{656060E9-48AD-4DDF-83C8-D7E06462FFF0}.Debug|Any CPU.ActiveCfg = Debug|Any CPU
		{656060E9-48AD-4DDF-83C8-D7E06462FFF0}.Debug|Any CPU.Build.0 = Debug|Any CPU
		{656060E9-48AD-4DDF-83C8-D7E06462FFF0}.Release|Any CPU.ActiveCfg = Release|Any CPU
		{656060E9-48AD-4DDF-83C8-D7E06462FFF0}.Release|Any CPU.Build.0 = Release|Any CPU
		{54A2C38E-6D0F-4CEF-9BDE-FEA05644FCD1}.Debug|Any CPU.ActiveCfg = Debug|Any CPU
		{54A2C38E-6D0F-4CEF-9BDE-FEA05644FCD1}.Debug|Any CPU.Build.0 = Debug|Any CPU
		{54A2C38E-6D0F-4CEF-9BDE-FEA05644FCD1}.Release|Any CPU.ActiveCfg = Release|Any CPU
		{54A2C38E-6D0F-4CEF-9BDE-FEA05644FCD1}.Release|Any CPU.Build.0 = Release|Any CPU
		{67F88D39-D181-4EBD-A340-7C5A4C36E6B1}.Debug|Any CPU.ActiveCfg = Debug|Any CPU
		{67F88D39-D181-4EBD-A340-7C5A4C36E6B1}.Debug|Any CPU.Build.0 = Debug|Any CPU
		{67F88D39-D181-4EBD-A340-7C5A4C36E6B1}.Release|Any CPU.ActiveCfg = Release|Any CPU
		{67F88D39-D181-4EBD-A340-7C5A4C36E6B1}.Release|Any CPU.Build.0 = Release|Any CPU
		{0B95F322-06CA-420F-AD7B-AD671AAD8DBE}.Debug|Any CPU.ActiveCfg = Debug|Any CPU
		{0B95F322-06CA-420F-AD7B-AD671AAD8DBE}.Debug|Any CPU.Build.0 = Debug|Any CPU
		{0B95F322-06CA-420F-AD7B-AD671AAD8DBE}.Release|Any CPU.ActiveCfg = Release|Any CPU
		{0B95F322-06CA-420F-AD7B-AD671AAD8DBE}.Release|Any CPU.Build.0 = Release|Any CPU
		{30F945E1-E0E5-4753-990C-DF763C1AE64A}.Debug|Any CPU.ActiveCfg = Debug|Any CPU
		{30F945E1-E0E5-4753-990C-DF763C1AE64A}.Debug|Any CPU.Build.0 = Debug|Any CPU
		{30F945E1-E0E5-4753-990C-DF763C1AE64A}.Release|Any CPU.ActiveCfg = Release|Any CPU
		{30F945E1-E0E5-4753-990C-DF763C1AE64A}.Release|Any CPU.Build.0 = Release|Any CPU
		{BE1B9E95-48DB-4014-8D1B-F7A861F1F8EF}.Debug|Any CPU.ActiveCfg = Debug|Any CPU
		{BE1B9E95-48DB-4014-8D1B-F7A861F1F8EF}.Debug|Any CPU.Build.0 = Debug|Any CPU
		{BE1B9E95-48DB-4014-8D1B-F7A861F1F8EF}.Release|Any CPU.ActiveCfg = Release|Any CPU
		{BE1B9E95-48DB-4014-8D1B-F7A861F1F8EF}.Release|Any CPU.Build.0 = Release|Any CPU
		{E1A5C487-D44F-4168-BA85-DB9DE7C37FA1}.Debug|Any CPU.ActiveCfg = Debug|Any CPU
		{E1A5C487-D44F-4168-BA85-DB9DE7C37FA1}.Debug|Any CPU.Build.0 = Debug|Any CPU
		{E1A5C487-D44F-4168-BA85-DB9DE7C37FA1}.Release|Any CPU.ActiveCfg = Release|Any CPU
		{E1A5C487-D44F-4168-BA85-DB9DE7C37FA1}.Release|Any CPU.Build.0 = Release|Any CPU
		{5A2B0116-E804-49E1-A806-7B515A9B9D8B}.Debug|Any CPU.ActiveCfg = Debug|Any CPU
		{5A2B0116-E804-49E1-A806-7B515A9B9D8B}.Debug|Any CPU.Build.0 = Debug|Any CPU
		{5A2B0116-E804-49E1-A806-7B515A9B9D8B}.Release|Any CPU.ActiveCfg = Release|Any CPU
		{5A2B0116-E804-49E1-A806-7B515A9B9D8B}.Release|Any CPU.Build.0 = Release|Any CPU
		{310D3B49-E602-4FAB-A44B-4A6FE62D2256}.Debug|Any CPU.ActiveCfg = Debug|Any CPU
		{310D3B49-E602-4FAB-A44B-4A6FE62D2256}.Debug|Any CPU.Build.0 = Debug|Any CPU
		{310D3B49-E602-4FAB-A44B-4A6FE62D2256}.Release|Any CPU.ActiveCfg = Release|Any CPU
		{310D3B49-E602-4FAB-A44B-4A6FE62D2256}.Release|Any CPU.Build.0 = Release|Any CPU
		{6EC244B2-17E5-4B2B-A27E-AA1E0F9987F5}.Debug|Any CPU.ActiveCfg = Debug|Any CPU
		{6EC244B2-17E5-4B2B-A27E-AA1E0F9987F5}.Debug|Any CPU.Build.0 = Debug|Any CPU
		{6EC244B2-17E5-4B2B-A27E-AA1E0F9987F5}.Release|Any CPU.ActiveCfg = Release|Any CPU
		{6EC244B2-17E5-4B2B-A27E-AA1E0F9987F5}.Release|Any CPU.Build.0 = Release|Any CPU
		{B8A21D2A-30B7-4D95-9604-C7802EAC2DC4}.Debug|Any CPU.ActiveCfg = Debug|Any CPU
		{B8A21D2A-30B7-4D95-9604-C7802EAC2DC4}.Debug|Any CPU.Build.0 = Debug|Any CPU
		{B8A21D2A-30B7-4D95-9604-C7802EAC2DC4}.Release|Any CPU.ActiveCfg = Release|Any CPU
		{B8A21D2A-30B7-4D95-9604-C7802EAC2DC4}.Release|Any CPU.Build.0 = Release|Any CPU
		{5E205B78-0D00-47DC-A5E5-B41075CBBB86}.Debug|Any CPU.ActiveCfg = Debug|Any CPU
		{5E205B78-0D00-47DC-A5E5-B41075CBBB86}.Debug|Any CPU.Build.0 = Debug|Any CPU
		{5E205B78-0D00-47DC-A5E5-B41075CBBB86}.Release|Any CPU.ActiveCfg = Release|Any CPU
		{5E205B78-0D00-47DC-A5E5-B41075CBBB86}.Release|Any CPU.Build.0 = Release|Any CPU
		{D612BFD6-C3F0-4013-BE9F-FFAFB920E908}.Debug|Any CPU.ActiveCfg = Debug|Any CPU
		{D612BFD6-C3F0-4013-BE9F-FFAFB920E908}.Debug|Any CPU.Build.0 = Debug|Any CPU
		{D612BFD6-C3F0-4013-BE9F-FFAFB920E908}.Release|Any CPU.ActiveCfg = Release|Any CPU
		{D612BFD6-C3F0-4013-BE9F-FFAFB920E908}.Release|Any CPU.Build.0 = Release|Any CPU
		{D6518E67-032B-4B4F-BC90-35004138755E}.Debug|Any CPU.ActiveCfg = Debug|Any CPU
		{D6518E67-032B-4B4F-BC90-35004138755E}.Debug|Any CPU.Build.0 = Debug|Any CPU
		{D6518E67-032B-4B4F-BC90-35004138755E}.Release|Any CPU.ActiveCfg = Release|Any CPU
		{D6518E67-032B-4B4F-BC90-35004138755E}.Release|Any CPU.Build.0 = Release|Any CPU
		{9F6582FD-497C-42D5-9FF8-F42257332405}.Debug|Any CPU.ActiveCfg = Debug|Any CPU
		{9F6582FD-497C-42D5-9FF8-F42257332405}.Debug|Any CPU.Build.0 = Debug|Any CPU
		{9F6582FD-497C-42D5-9FF8-F42257332405}.Release|Any CPU.ActiveCfg = Release|Any CPU
		{9F6582FD-497C-42D5-9FF8-F42257332405}.Release|Any CPU.Build.0 = Release|Any CPU
		{9963C849-32CA-49DD-8B0B-FB72922B1071}.Debug|Any CPU.ActiveCfg = Debug|Any CPU
		{9963C849-32CA-49DD-8B0B-FB72922B1071}.Debug|Any CPU.Build.0 = Debug|Any CPU
		{9963C849-32CA-49DD-8B0B-FB72922B1071}.Release|Any CPU.ActiveCfg = Release|Any CPU
		{9963C849-32CA-49DD-8B0B-FB72922B1071}.Release|Any CPU.Build.0 = Release|Any CPU
		{2FABFA3A-CF2B-457F-BC9C-738DB1E7EC0F}.Debug|Any CPU.ActiveCfg = Debug|Any CPU
		{2FABFA3A-CF2B-457F-BC9C-738DB1E7EC0F}.Debug|Any CPU.Build.0 = Debug|Any CPU
		{2FABFA3A-CF2B-457F-BC9C-738DB1E7EC0F}.Release|Any CPU.ActiveCfg = Release|Any CPU
		{2FABFA3A-CF2B-457F-BC9C-738DB1E7EC0F}.Release|Any CPU.Build.0 = Release|Any CPU
		{29A9B26E-5D9A-4692-89B5-A03E4A2E4933}.Debug|Any CPU.ActiveCfg = Debug|Any CPU
		{29A9B26E-5D9A-4692-89B5-A03E4A2E4933}.Debug|Any CPU.Build.0 = Debug|Any CPU
		{29A9B26E-5D9A-4692-89B5-A03E4A2E4933}.Release|Any CPU.ActiveCfg = Release|Any CPU
		{29A9B26E-5D9A-4692-89B5-A03E4A2E4933}.Release|Any CPU.Build.0 = Release|Any CPU
		{783D2065-07C5-4027-AF08-13DD058964CB}.Debug|Any CPU.ActiveCfg = Debug|Any CPU
		{783D2065-07C5-4027-AF08-13DD058964CB}.Debug|Any CPU.Build.0 = Debug|Any CPU
		{783D2065-07C5-4027-AF08-13DD058964CB}.Release|Any CPU.ActiveCfg = Release|Any CPU
		{783D2065-07C5-4027-AF08-13DD058964CB}.Release|Any CPU.Build.0 = Release|Any CPU
		{559823A3-67AB-4228-826C-F0BB19647F6F}.Debug|Any CPU.ActiveCfg = Debug|Any CPU
		{559823A3-67AB-4228-826C-F0BB19647F6F}.Debug|Any CPU.Build.0 = Debug|Any CPU
		{559823A3-67AB-4228-826C-F0BB19647F6F}.Release|Any CPU.ActiveCfg = Release|Any CPU
		{559823A3-67AB-4228-826C-F0BB19647F6F}.Release|Any CPU.Build.0 = Release|Any CPU
		{5A26DEC4-710A-4411-9CFB-E4AAE5CB8A61}.Debug|Any CPU.ActiveCfg = Debug|Any CPU
		{5A26DEC4-710A-4411-9CFB-E4AAE5CB8A61}.Debug|Any CPU.Build.0 = Debug|Any CPU
		{5A26DEC4-710A-4411-9CFB-E4AAE5CB8A61}.Release|Any CPU.ActiveCfg = Release|Any CPU
		{5A26DEC4-710A-4411-9CFB-E4AAE5CB8A61}.Release|Any CPU.Build.0 = Release|Any CPU
		{DE18FC96-6D6E-4C52-8274-DBF18FEF5E7F}.Debug|Any CPU.ActiveCfg = Debug|Any CPU
		{DE18FC96-6D6E-4C52-8274-DBF18FEF5E7F}.Debug|Any CPU.Build.0 = Debug|Any CPU
		{DE18FC96-6D6E-4C52-8274-DBF18FEF5E7F}.Release|Any CPU.ActiveCfg = Release|Any CPU
		{DE18FC96-6D6E-4C52-8274-DBF18FEF5E7F}.Release|Any CPU.Build.0 = Release|Any CPU
		{9DDF7F75-0E4A-459C-A218-85673A5C7C3E}.Debug|Any CPU.ActiveCfg = Debug|Any CPU
		{9DDF7F75-0E4A-459C-A218-85673A5C7C3E}.Debug|Any CPU.Build.0 = Debug|Any CPU
		{9DDF7F75-0E4A-459C-A218-85673A5C7C3E}.Release|Any CPU.ActiveCfg = Release|Any CPU
		{9DDF7F75-0E4A-459C-A218-85673A5C7C3E}.Release|Any CPU.Build.0 = Release|Any CPU
		{E6D5D43D-6608-4916-B826-9E677CDD018B}.Debug|Any CPU.ActiveCfg = Debug|Any CPU
		{E6D5D43D-6608-4916-B826-9E677CDD018B}.Debug|Any CPU.Build.0 = Debug|Any CPU
		{E6D5D43D-6608-4916-B826-9E677CDD018B}.Release|Any CPU.ActiveCfg = Release|Any CPU
		{E6D5D43D-6608-4916-B826-9E677CDD018B}.Release|Any CPU.Build.0 = Release|Any CPU
		{8B708540-74FA-427E-8E55-2F65B95A6C8D}.Debug|Any CPU.ActiveCfg = Debug|Any CPU
		{8B708540-74FA-427E-8E55-2F65B95A6C8D}.Debug|Any CPU.Build.0 = Debug|Any CPU
		{8B708540-74FA-427E-8E55-2F65B95A6C8D}.Release|Any CPU.ActiveCfg = Release|Any CPU
		{8B708540-74FA-427E-8E55-2F65B95A6C8D}.Release|Any CPU.Build.0 = Release|Any CPU
		{1D1F566A-EA42-4AE3-BA91-07EDD443FD57}.Debug|Any CPU.ActiveCfg = Debug|Any CPU
		{1D1F566A-EA42-4AE3-BA91-07EDD443FD57}.Debug|Any CPU.Build.0 = Debug|Any CPU
		{1D1F566A-EA42-4AE3-BA91-07EDD443FD57}.Release|Any CPU.ActiveCfg = Release|Any CPU
		{1D1F566A-EA42-4AE3-BA91-07EDD443FD57}.Release|Any CPU.Build.0 = Release|Any CPU
		{9C8DC496-333C-4F93-BC87-48B92C7D5B21}.Debug|Any CPU.ActiveCfg = Debug|Any CPU
		{9C8DC496-333C-4F93-BC87-48B92C7D5B21}.Debug|Any CPU.Build.0 = Debug|Any CPU
		{9C8DC496-333C-4F93-BC87-48B92C7D5B21}.Release|Any CPU.ActiveCfg = Release|Any CPU
		{9C8DC496-333C-4F93-BC87-48B92C7D5B21}.Release|Any CPU.Build.0 = Release|Any CPU
		{00EA9AE1-599E-4D95-8963-E1E50CA3ACAC}.Debug|Any CPU.ActiveCfg = Debug|Any CPU
		{00EA9AE1-599E-4D95-8963-E1E50CA3ACAC}.Debug|Any CPU.Build.0 = Debug|Any CPU
		{00EA9AE1-599E-4D95-8963-E1E50CA3ACAC}.Release|Any CPU.ActiveCfg = Release|Any CPU
		{00EA9AE1-599E-4D95-8963-E1E50CA3ACAC}.Release|Any CPU.Build.0 = Release|Any CPU
		{48B9286A-285E-4640-B880-510F11DF7720}.Debug|Any CPU.ActiveCfg = Debug|Any CPU
		{48B9286A-285E-4640-B880-510F11DF7720}.Debug|Any CPU.Build.0 = Debug|Any CPU
		{48B9286A-285E-4640-B880-510F11DF7720}.Release|Any CPU.ActiveCfg = Release|Any CPU
		{48B9286A-285E-4640-B880-510F11DF7720}.Release|Any CPU.Build.0 = Release|Any CPU
	EndGlobalSection
	GlobalSection(SolutionProperties) = preSolution
		HideSolutionNode = FALSE
	EndGlobalSection
	GlobalSection(ExtensibilityGlobals) = postSolution
		SolutionGuid = {8F05D8D1-339B-44A3-9F6D-8116D90B0D6F}
	EndGlobalSection
EndGlobal
