
Microsoft Visual Studio Solution File, Format Version 12.00
# Visual Studio Version 16
VisualStudioVersion = 16.0.31613.86
MinimumVisualStudioVersion = 10.0.40219.1
Project("{FAE04EC0-301F-11D3-BF4B-00C04F79EFBC}") = "Ejercicio23", "Ejercicio23\Ejercicio23.csproj", "{91B38FC0-3AFF-4AF4-8D95-53B2FA252138}"
EndProject
Project("{FAE04EC0-301F-11D3-BF4B-00C04F79EFBC}") = "Moneda", "Moneda\Moneda.csproj", "{053730E6-D4FC-48DC-9448-282C306479B0}"
EndProject
Global
	GlobalSection(SolutionConfigurationPlatforms) = preSolution
		Debug|Any CPU = Debug|Any CPU
		Release|Any CPU = Release|Any CPU
	EndGlobalSection
	GlobalSection(ProjectConfigurationPlatforms) = postSolution
		{91B38FC0-3AFF-4AF4-8D95-53B2FA252138}.Debug|Any CPU.ActiveCfg = Debug|Any CPU
		{91B38FC0-3AFF-4AF4-8D95-53B2FA252138}.Debug|Any CPU.Build.0 = Debug|Any CPU
		{91B38FC0-3AFF-4AF4-8D95-53B2FA252138}.Release|Any CPU.ActiveCfg = Release|Any CPU
		{91B38FC0-3AFF-4AF4-8D95-53B2FA252138}.Release|Any CPU.Build.0 = Release|Any CPU
		{053730E6-D4FC-48DC-9448-282C306479B0}.Debug|Any CPU.ActiveCfg = Debug|Any CPU
		{053730E6-D4FC-48DC-9448-282C306479B0}.Debug|Any CPU.Build.0 = Debug|Any CPU
		{053730E6-D4FC-48DC-9448-282C306479B0}.Release|Any CPU.ActiveCfg = Release|Any CPU
		{053730E6-D4FC-48DC-9448-282C306479B0}.Release|Any CPU.Build.0 = Release|Any CPU
	EndGlobalSection
	GlobalSection(SolutionProperties) = preSolution
		HideSolutionNode = FALSE
	EndGlobalSection
	GlobalSection(ExtensibilityGlobals) = postSolution
		SolutionGuid = {5728F92E-D985-4084-B72B-CAD2E5026487}
	EndGlobalSection
EndGlobal
