
Microsoft Visual Studio Solution File, Format Version 12.00
# Visual Studio Version 16
VisualStudioVersion = 16.0.31613.86
MinimumVisualStudioVersion = 10.0.40219.1
Project("{FAE04EC0-301F-11D3-BF4B-00C04F79EFBC}") = "Biblioteca", "SimuladorDeAtencionAClientes\Biblioteca.csproj", "{B6C32CF1-83E7-4FFC-9E50-5BCF9B4CEEDD}"
EndProject
Project("{FAE04EC0-301F-11D3-BF4B-00C04F79EFBC}") = "Consola", "Consola\Consola.csproj", "{20394C48-63B8-4E33-A475-D0440F6A059B}"
EndProject
Global
	GlobalSection(SolutionConfigurationPlatforms) = preSolution
		Debug|Any CPU = Debug|Any CPU
		Release|Any CPU = Release|Any CPU
	EndGlobalSection
	GlobalSection(ProjectConfigurationPlatforms) = postSolution
		{B6C32CF1-83E7-4FFC-9E50-5BCF9B4CEEDD}.Debug|Any CPU.ActiveCfg = Debug|Any CPU
		{B6C32CF1-83E7-4FFC-9E50-5BCF9B4CEEDD}.Debug|Any CPU.Build.0 = Debug|Any CPU
		{B6C32CF1-83E7-4FFC-9E50-5BCF9B4CEEDD}.Release|Any CPU.ActiveCfg = Release|Any CPU
		{B6C32CF1-83E7-4FFC-9E50-5BCF9B4CEEDD}.Release|Any CPU.Build.0 = Release|Any CPU
		{20394C48-63B8-4E33-A475-D0440F6A059B}.Debug|Any CPU.ActiveCfg = Debug|Any CPU
		{20394C48-63B8-4E33-A475-D0440F6A059B}.Debug|Any CPU.Build.0 = Debug|Any CPU
		{20394C48-63B8-4E33-A475-D0440F6A059B}.Release|Any CPU.ActiveCfg = Release|Any CPU
		{20394C48-63B8-4E33-A475-D0440F6A059B}.Release|Any CPU.Build.0 = Release|Any CPU
	EndGlobalSection
	GlobalSection(SolutionProperties) = preSolution
		HideSolutionNode = FALSE
	EndGlobalSection
	GlobalSection(ExtensibilityGlobals) = postSolution
		SolutionGuid = {B00E6BFA-4B56-4F93-9261-5A1D8C36DE94}
	EndGlobalSection
EndGlobal
