
Microsoft Visual Studio Solution File, Format Version 12.00
# Visual Studio Version 16
VisualStudioVersion = 16.0.31613.86
MinimumVisualStudioVersion = 10.0.40219.1
Project("{FAE04EC0-301F-11D3-BF4B-00C04F79EFBC}") = "Relojero", "Relojero\Relojero.csproj", "{5F64F172-B885-47B0-A8B9-E5BEA4896A90}"
EndProject
Global
	GlobalSection(SolutionConfigurationPlatforms) = preSolution
		Debug|Any CPU = Debug|Any CPU
		Release|Any CPU = Release|Any CPU
	EndGlobalSection
	GlobalSection(ProjectConfigurationPlatforms) = postSolution
		{5F64F172-B885-47B0-A8B9-E5BEA4896A90}.Debug|Any CPU.ActiveCfg = Debug|Any CPU
		{5F64F172-B885-47B0-A8B9-E5BEA4896A90}.Debug|Any CPU.Build.0 = Debug|Any CPU
		{5F64F172-B885-47B0-A8B9-E5BEA4896A90}.Release|Any CPU.ActiveCfg = Release|Any CPU
		{5F64F172-B885-47B0-A8B9-E5BEA4896A90}.Release|Any CPU.Build.0 = Release|Any CPU
	EndGlobalSection
	GlobalSection(SolutionProperties) = preSolution
		HideSolutionNode = FALSE
	EndGlobalSection
	GlobalSection(ExtensibilityGlobals) = postSolution
		SolutionGuid = {50A4CE8E-4A81-4ABF-B0A3-2AC3192A078D}
	EndGlobalSection
EndGlobal
