
Microsoft Visual Studio Solution File, Format Version 12.00
# Visual Studio Version 16
VisualStudioVersion = 16.0.31613.86
MinimumVisualStudioVersion = 10.0.40219.1
Project("{FAE04EC0-301F-11D3-BF4B-00C04F79EFBC}") = "DibujandoUnTrianguloEquilatero", "DibujandoUnTrianguloEquilatero\DibujandoUnTrianguloEquilatero.csproj", "{01DAA07A-82E7-45E6-B51B-54E24A36C5F4}"
EndProject
Global
	GlobalSection(SolutionConfigurationPlatforms) = preSolution
		Debug|Any CPU = Debug|Any CPU
		Release|Any CPU = Release|Any CPU
	EndGlobalSection
	GlobalSection(ProjectConfigurationPlatforms) = postSolution
		{01DAA07A-82E7-45E6-B51B-54E24A36C5F4}.Debug|Any CPU.ActiveCfg = Debug|Any CPU
		{01DAA07A-82E7-45E6-B51B-54E24A36C5F4}.Debug|Any CPU.Build.0 = Debug|Any CPU
		{01DAA07A-82E7-45E6-B51B-54E24A36C5F4}.Release|Any CPU.ActiveCfg = Release|Any CPU
		{01DAA07A-82E7-45E6-B51B-54E24A36C5F4}.Release|Any CPU.Build.0 = Release|Any CPU
	EndGlobalSection
	GlobalSection(SolutionProperties) = preSolution
		HideSolutionNode = FALSE
	EndGlobalSection
	GlobalSection(ExtensibilityGlobals) = postSolution
		SolutionGuid = {E843DF42-2133-4C46-9263-82994760DF90}
	EndGlobalSection
EndGlobal
