
Microsoft Visual Studio Solution File, Format Version 12.00
# Visual Studio Version 16
VisualStudioVersion = 16.0.31613.86
MinimumVisualStudioVersion = 10.0.40219.1
Project("{FAE04EC0-301F-11D3-BF4B-00C04F79EFBC}") = "ConversorBinarioRecargado", "ConversorBinarioRecargado\ConversorBinarioRecargado.csproj", "{F4B0D90D-B149-4F80-9CA0-29123C29EE1B}"
EndProject
Project("{FAE04EC0-301F-11D3-BF4B-00C04F79EFBC}") = "Conversor", "Conversor\Conversor.csproj", "{BFC01C01-6FC9-48DC-B05A-4725A21F2EF0}"
EndProject
Global
	GlobalSection(SolutionConfigurationPlatforms) = preSolution
		Debug|Any CPU = Debug|Any CPU
		Release|Any CPU = Release|Any CPU
	EndGlobalSection
	GlobalSection(ProjectConfigurationPlatforms) = postSolution
		{F4B0D90D-B149-4F80-9CA0-29123C29EE1B}.Debug|Any CPU.ActiveCfg = Debug|Any CPU
		{F4B0D90D-B149-4F80-9CA0-29123C29EE1B}.Debug|Any CPU.Build.0 = Debug|Any CPU
		{F4B0D90D-B149-4F80-9CA0-29123C29EE1B}.Release|Any CPU.ActiveCfg = Release|Any CPU
		{F4B0D90D-B149-4F80-9CA0-29123C29EE1B}.Release|Any CPU.Build.0 = Release|Any CPU
		{BFC01C01-6FC9-48DC-B05A-4725A21F2EF0}.Debug|Any CPU.ActiveCfg = Debug|Any CPU
		{BFC01C01-6FC9-48DC-B05A-4725A21F2EF0}.Debug|Any CPU.Build.0 = Debug|Any CPU
		{BFC01C01-6FC9-48DC-B05A-4725A21F2EF0}.Release|Any CPU.ActiveCfg = Release|Any CPU
		{BFC01C01-6FC9-48DC-B05A-4725A21F2EF0}.Release|Any CPU.Build.0 = Release|Any CPU
	EndGlobalSection
	GlobalSection(SolutionProperties) = preSolution
		HideSolutionNode = FALSE
	EndGlobalSection
	GlobalSection(ExtensibilityGlobals) = postSolution
		SolutionGuid = {CECB68D5-5A0C-4352-B9E9-596454FAD16E}
	EndGlobalSection
EndGlobal
