
Microsoft Visual Studio Solution File, Format Version 12.00
# Visual Studio Version 16
VisualStudioVersion = 16.0.31613.86
MinimumVisualStudioVersion = 10.0.40219.1
Project("{FAE04EC0-301F-11D3-BF4B-00C04F79EFBC}") = "TraemeUnCentro", "TraemeUnCentro\TraemeUnCentro.csproj", "{758FC12B-BF09-482D-85B7-1869A92023E5}"
EndProject
Global
	GlobalSection(SolutionConfigurationPlatforms) = preSolution
		Debug|Any CPU = Debug|Any CPU
		Release|Any CPU = Release|Any CPU
	EndGlobalSection
	GlobalSection(ProjectConfigurationPlatforms) = postSolution
		{758FC12B-BF09-482D-85B7-1869A92023E5}.Debug|Any CPU.ActiveCfg = Debug|Any CPU
		{758FC12B-BF09-482D-85B7-1869A92023E5}.Debug|Any CPU.Build.0 = Debug|Any CPU
		{758FC12B-BF09-482D-85B7-1869A92023E5}.Release|Any CPU.ActiveCfg = Release|Any CPU
		{758FC12B-BF09-482D-85B7-1869A92023E5}.Release|Any CPU.Build.0 = Release|Any CPU
	EndGlobalSection
	GlobalSection(SolutionProperties) = preSolution
		HideSolutionNode = FALSE
	EndGlobalSection
	GlobalSection(ExtensibilityGlobals) = postSolution
		SolutionGuid = {D1E900D2-DBC7-4708-9D37-7B793C2BD83A}
	EndGlobalSection
EndGlobal
