
Microsoft Visual Studio Solution File, Format Version 12.00
# Visual Studio Version 16
VisualStudioVersion = 16.0.31613.86
MinimumVisualStudioVersion = 10.0.40219.1
Project("{FAE04EC0-301F-11D3-BF4B-00C04F79EFBC}") = "Estacionamiento", "Estacionamiento\Estacionamiento.csproj", "{AF813ECF-3601-430A-BE39-4D3F7F2C46AE}"
EndProject
Project("{FAE04EC0-301F-11D3-BF4B-00C04F79EFBC}") = "EstacionamientoLogica", "EstacionamientoLogica\EstacionamientoLogica.csproj", "{8BD3D1A5-EB61-4D3A-A536-5581EE1ED41A}"
EndProject
Global
	GlobalSection(SolutionConfigurationPlatforms) = preSolution
		Debug|Any CPU = Debug|Any CPU
		Release|Any CPU = Release|Any CPU
	EndGlobalSection
	GlobalSection(ProjectConfigurationPlatforms) = postSolution
		{AF813ECF-3601-430A-BE39-4D3F7F2C46AE}.Debug|Any CPU.ActiveCfg = Debug|Any CPU
		{AF813ECF-3601-430A-BE39-4D3F7F2C46AE}.Debug|Any CPU.Build.0 = Debug|Any CPU
		{AF813ECF-3601-430A-BE39-4D3F7F2C46AE}.Release|Any CPU.ActiveCfg = Release|Any CPU
		{AF813ECF-3601-430A-BE39-4D3F7F2C46AE}.Release|Any CPU.Build.0 = Release|Any CPU
		{8BD3D1A5-EB61-4D3A-A536-5581EE1ED41A}.Debug|Any CPU.ActiveCfg = Debug|Any CPU
		{8BD3D1A5-EB61-4D3A-A536-5581EE1ED41A}.Debug|Any CPU.Build.0 = Debug|Any CPU
		{8BD3D1A5-EB61-4D3A-A536-5581EE1ED41A}.Release|Any CPU.ActiveCfg = Release|Any CPU
		{8BD3D1A5-EB61-4D3A-A536-5581EE1ED41A}.Release|Any CPU.Build.0 = Release|Any CPU
	EndGlobalSection
	GlobalSection(SolutionProperties) = preSolution
		HideSolutionNode = FALSE
	EndGlobalSection
	GlobalSection(ExtensibilityGlobals) = postSolution
		SolutionGuid = {CC0A90F0-414D-4752-A0DB-9FD98B8AB223}
	EndGlobalSection
EndGlobal
